
Microsoft Visual Studio Solution File, Format Version 12.00
# Visual Studio 15
VisualStudioVersion = 15.0.26430.14
MinimumVisualStudioVersion = 10.0.40219.1
Project("{FAE04EC0-301F-11D3-BF4B-00C04F79EFBC}") = "SFARTools-Extract", "SFARTools\SFARTools-Extract.csproj", "{42BEC400-6832-437C-9239-7BF78CCEFADD}"
EndProject
Project("{FAE04EC0-301F-11D3-BF4B-00C04F79EFBC}") = "SharedTools", "SharedTools\SharedTools.csproj", "{19674E94-AEF7-4E8F-8E48-EDE1A7A35BA0}"
EndProject
Project("{FAE04EC0-301F-11D3-BF4B-00C04F79EFBC}") = "FullAutoTOC", "FullAutoTOC\FullAutoTOC.csproj", "{B5B712F6-93C6-4A62-8C42-C8F6A5DCC082}"
EndProject
Project("{2150E333-8FDC-42A3-9474-1A3956D46DE8}") = "Solution Items", "Solution Items", "{4BD45D60-CEBC-4B74-A7BE-FFED780A152B}"
	ProjectSection(SolutionItems) = preProject
		SharedAssemblyInfo.cs = SharedAssemblyInfo.cs
	EndProjectSection
EndProject
Project("{FAE04EC0-301F-11D3-BF4B-00C04F79EFBC}") = "SFARTools-Inject", "SFARTools-Inject\SFARTools-Inject.csproj", "{C8F5E4CF-EA60-4982-B428-B3D8F8A12AA7}"
EndProject
Project("{FAE04EC0-301F-11D3-BF4B-00C04F79EFBC}") = "Gibbed.IO", "Gibbed.IO\Gibbed.IO.csproj", "{047857BA-DAA3-4CA7-AFB8-A1B082B28C6A}"
EndProject
Project("{FAE04EC0-301F-11D3-BF4B-00C04F79EFBC}") = "AmaroK86Lib", "AmaroK86\AmaroK86Lib.csproj", "{9010228E-4393-47E2-9DEE-FB5090A1D1AB}"
EndProject
Project("{FAE04EC0-301F-11D3-BF4B-00C04F79EFBC}") = "Gibbed.MassEffect3.FileFormats", "Gibbed.MassEffect3.FileFormats\Gibbed.MassEffect3.FileFormats.csproj", "{681DB2CE-E3EB-4110-AC50-F53EACA66E99}"
EndProject
Project("{FAE04EC0-301F-11D3-BF4B-00C04F79EFBC}") = "ICSharpCode.SharpZLib", "SharpDevelop\ICSharpCode.SharpZLib.csproj", "{0E7413FF-EB9E-4714-ACF2-BE3A6A7B2FFD}"
EndProject
Project("{FAE04EC0-301F-11D3-BF4B-00C04F79EFBC}") = "PCCDecompress", "PCCDecompress\PCCDecompress.csproj", "{0F31110E-BA66-49E9-ACAD-CF010C5E1F01}"
EndProject
Project("{2150E333-8FDC-42A3-9474-1A3956D46DE8}") = "Output", "Output", "{5971DB72-28E2-4BFF-9C8E-A1FDCD005264}"
	ProjectSection(SolutionItems) = preProject
		C:\Users\Michael\Downloads\elevate.exe = C:\Users\Michael\Downloads\elevate.exe
	EndProjectSection
EndProject
Global
	GlobalSection(SolutionConfigurationPlatforms) = preSolution
		Debug|Any CPU = Debug|Any CPU
		Debug|x64 = Debug|x64
		Debug|x86 = Debug|x86
		Release|Any CPU = Release|Any CPU
		Release|x64 = Release|x64
		Release|x86 = Release|x86
	EndGlobalSection
	GlobalSection(ProjectConfigurationPlatforms) = postSolution
		{42BEC400-6832-437C-9239-7BF78CCEFADD}.Debug|Any CPU.ActiveCfg = Debug|Any CPU
		{42BEC400-6832-437C-9239-7BF78CCEFADD}.Debug|Any CPU.Build.0 = Debug|Any CPU
		{42BEC400-6832-437C-9239-7BF78CCEFADD}.Debug|x64.ActiveCfg = Debug|x64
		{42BEC400-6832-437C-9239-7BF78CCEFADD}.Debug|x64.Build.0 = Debug|x64
		{42BEC400-6832-437C-9239-7BF78CCEFADD}.Debug|x86.ActiveCfg = Debug|Any CPU
		{42BEC400-6832-437C-9239-7BF78CCEFADD}.Debug|x86.Build.0 = Debug|Any CPU
		{42BEC400-6832-437C-9239-7BF78CCEFADD}.Release|Any CPU.ActiveCfg = Release|Any CPU
		{42BEC400-6832-437C-9239-7BF78CCEFADD}.Release|Any CPU.Build.0 = Release|Any CPU
		{42BEC400-6832-437C-9239-7BF78CCEFADD}.Release|x64.ActiveCfg = Release|Any CPU
		{42BEC400-6832-437C-9239-7BF78CCEFADD}.Release|x64.Build.0 = Release|Any CPU
		{42BEC400-6832-437C-9239-7BF78CCEFADD}.Release|x86.ActiveCfg = Release|Any CPU
		{42BEC400-6832-437C-9239-7BF78CCEFADD}.Release|x86.Build.0 = Release|Any CPU
		{19674E94-AEF7-4E8F-8E48-EDE1A7A35BA0}.Debug|Any CPU.ActiveCfg = Debug|Any CPU
		{19674E94-AEF7-4E8F-8E48-EDE1A7A35BA0}.Debug|Any CPU.Build.0 = Debug|Any CPU
		{19674E94-AEF7-4E8F-8E48-EDE1A7A35BA0}.Debug|x64.ActiveCfg = Debug|x64
		{19674E94-AEF7-4E8F-8E48-EDE1A7A35BA0}.Debug|x64.Build.0 = Debug|x64
		{19674E94-AEF7-4E8F-8E48-EDE1A7A35BA0}.Debug|x86.ActiveCfg = Debug|Any CPU
		{19674E94-AEF7-4E8F-8E48-EDE1A7A35BA0}.Debug|x86.Build.0 = Debug|Any CPU
		{19674E94-AEF7-4E8F-8E48-EDE1A7A35BA0}.Release|Any CPU.ActiveCfg = Release|Any CPU
		{19674E94-AEF7-4E8F-8E48-EDE1A7A35BA0}.Release|Any CPU.Build.0 = Release|Any CPU
		{19674E94-AEF7-4E8F-8E48-EDE1A7A35BA0}.Release|x64.ActiveCfg = Release|Any CPU
		{19674E94-AEF7-4E8F-8E48-EDE1A7A35BA0}.Release|x64.Build.0 = Release|Any CPU
		{19674E94-AEF7-4E8F-8E48-EDE1A7A35BA0}.Release|x86.ActiveCfg = Release|Any CPU
		{19674E94-AEF7-4E8F-8E48-EDE1A7A35BA0}.Release|x86.Build.0 = Release|Any CPU
		{B5B712F6-93C6-4A62-8C42-C8F6A5DCC082}.Debug|Any CPU.ActiveCfg = Debug|Any CPU
		{B5B712F6-93C6-4A62-8C42-C8F6A5DCC082}.Debug|Any CPU.Build.0 = Debug|Any CPU
		{B5B712F6-93C6-4A62-8C42-C8F6A5DCC082}.Debug|x64.ActiveCfg = Debug|Any CPU
		{B5B712F6-93C6-4A62-8C42-C8F6A5DCC082}.Debug|x64.Build.0 = Debug|Any CPU
		{B5B712F6-93C6-4A62-8C42-C8F6A5DCC082}.Debug|x86.ActiveCfg = Debug|Any CPU
		{B5B712F6-93C6-4A62-8C42-C8F6A5DCC082}.Debug|x86.Build.0 = Debug|Any CPU
		{B5B712F6-93C6-4A62-8C42-C8F6A5DCC082}.Release|Any CPU.ActiveCfg = Release|Any CPU
		{B5B712F6-93C6-4A62-8C42-C8F6A5DCC082}.Release|Any CPU.Build.0 = Release|Any CPU
		{B5B712F6-93C6-4A62-8C42-C8F6A5DCC082}.Release|x64.ActiveCfg = Release|Any CPU
		{B5B712F6-93C6-4A62-8C42-C8F6A5DCC082}.Release|x64.Build.0 = Release|Any CPU
		{B5B712F6-93C6-4A62-8C42-C8F6A5DCC082}.Release|x86.ActiveCfg = Release|Any CPU
		{B5B712F6-93C6-4A62-8C42-C8F6A5DCC082}.Release|x86.Build.0 = Release|Any CPU
		{C8F5E4CF-EA60-4982-B428-B3D8F8A12AA7}.Debug|Any CPU.ActiveCfg = Debug|Any CPU
		{C8F5E4CF-EA60-4982-B428-B3D8F8A12AA7}.Debug|Any CPU.Build.0 = Debug|Any CPU
		{C8F5E4CF-EA60-4982-B428-B3D8F8A12AA7}.Debug|x64.ActiveCfg = Debug|x64
		{C8F5E4CF-EA60-4982-B428-B3D8F8A12AA7}.Debug|x64.Build.0 = Debug|x64
		{C8F5E4CF-EA60-4982-B428-B3D8F8A12AA7}.Debug|x86.ActiveCfg = Debug|Any CPU
		{C8F5E4CF-EA60-4982-B428-B3D8F8A12AA7}.Debug|x86.Build.0 = Debug|Any CPU
		{C8F5E4CF-EA60-4982-B428-B3D8F8A12AA7}.Release|Any CPU.ActiveCfg = Release|Any CPU
		{C8F5E4CF-EA60-4982-B428-B3D8F8A12AA7}.Release|Any CPU.Build.0 = Release|Any CPU
		{C8F5E4CF-EA60-4982-B428-B3D8F8A12AA7}.Release|x64.ActiveCfg = Release|Any CPU
		{C8F5E4CF-EA60-4982-B428-B3D8F8A12AA7}.Release|x64.Build.0 = Release|Any CPU
		{C8F5E4CF-EA60-4982-B428-B3D8F8A12AA7}.Release|x86.ActiveCfg = Release|Any CPU
		{C8F5E4CF-EA60-4982-B428-B3D8F8A12AA7}.Release|x86.Build.0 = Release|Any CPU
		{047857BA-DAA3-4CA7-AFB8-A1B082B28C6A}.Debug|Any CPU.ActiveCfg = Debug|Any CPU
		{047857BA-DAA3-4CA7-AFB8-A1B082B28C6A}.Debug|Any CPU.Build.0 = Debug|Any CPU
		{047857BA-DAA3-4CA7-AFB8-A1B082B28C6A}.Debug|x64.ActiveCfg = Debug|Any CPU
		{047857BA-DAA3-4CA7-AFB8-A1B082B28C6A}.Debug|x64.Build.0 = Debug|Any CPU
		{047857BA-DAA3-4CA7-AFB8-A1B082B28C6A}.Debug|x86.ActiveCfg = Debug|Any CPU
		{047857BA-DAA3-4CA7-AFB8-A1B082B28C6A}.Debug|x86.Build.0 = Debug|Any CPU
		{047857BA-DAA3-4CA7-AFB8-A1B082B28C6A}.Release|Any CPU.ActiveCfg = Release|Any CPU
		{047857BA-DAA3-4CA7-AFB8-A1B082B28C6A}.Release|Any CPU.Build.0 = Release|Any CPU
		{047857BA-DAA3-4CA7-AFB8-A1B082B28C6A}.Release|x64.ActiveCfg = Release|Any CPU
		{047857BA-DAA3-4CA7-AFB8-A1B082B28C6A}.Release|x64.Build.0 = Release|Any CPU
		{047857BA-DAA3-4CA7-AFB8-A1B082B28C6A}.Release|x86.ActiveCfg = Release|Any CPU
		{047857BA-DAA3-4CA7-AFB8-A1B082B28C6A}.Release|x86.Build.0 = Release|Any CPU
		{9010228E-4393-47E2-9DEE-FB5090A1D1AB}.Debug|Any CPU.ActiveCfg = Debug|Any CPU
		{9010228E-4393-47E2-9DEE-FB5090A1D1AB}.Debug|Any CPU.Build.0 = Debug|Any CPU
		{9010228E-4393-47E2-9DEE-FB5090A1D1AB}.Debug|x64.ActiveCfg = Debug|Any CPU
		{9010228E-4393-47E2-9DEE-FB5090A1D1AB}.Debug|x64.Build.0 = Debug|Any CPU
		{9010228E-4393-47E2-9DEE-FB5090A1D1AB}.Debug|x86.ActiveCfg = Debug|Any CPU
		{9010228E-4393-47E2-9DEE-FB5090A1D1AB}.Debug|x86.Build.0 = Debug|Any CPU
		{9010228E-4393-47E2-9DEE-FB5090A1D1AB}.Release|Any CPU.ActiveCfg = Release|Any CPU
		{9010228E-4393-47E2-9DEE-FB5090A1D1AB}.Release|Any CPU.Build.0 = Release|Any CPU
		{9010228E-4393-47E2-9DEE-FB5090A1D1AB}.Release|x64.ActiveCfg = Release|Any CPU
		{9010228E-4393-47E2-9DEE-FB5090A1D1AB}.Release|x64.Build.0 = Release|Any CPU
		{9010228E-4393-47E2-9DEE-FB5090A1D1AB}.Release|x86.ActiveCfg = Release|Any CPU
		{9010228E-4393-47E2-9DEE-FB5090A1D1AB}.Release|x86.Build.0 = Release|Any CPU
		{681DB2CE-E3EB-4110-AC50-F53EACA66E99}.Debug|Any CPU.ActiveCfg = Debug|Any CPU
		{681DB2CE-E3EB-4110-AC50-F53EACA66E99}.Debug|Any CPU.Build.0 = Debug|Any CPU
		{681DB2CE-E3EB-4110-AC50-F53EACA66E99}.Debug|x64.ActiveCfg = Debug|Any CPU
		{681DB2CE-E3EB-4110-AC50-F53EACA66E99}.Debug|x64.Build.0 = Debug|Any CPU
		{681DB2CE-E3EB-4110-AC50-F53EACA66E99}.Debug|x86.ActiveCfg = Debug|Any CPU
		{681DB2CE-E3EB-4110-AC50-F53EACA66E99}.Debug|x86.Build.0 = Debug|Any CPU
		{681DB2CE-E3EB-4110-AC50-F53EACA66E99}.Release|Any CPU.ActiveCfg = Release|Any CPU
		{681DB2CE-E3EB-4110-AC50-F53EACA66E99}.Release|Any CPU.Build.0 = Release|Any CPU
		{681DB2CE-E3EB-4110-AC50-F53EACA66E99}.Release|x64.ActiveCfg = Release|Any CPU
		{681DB2CE-E3EB-4110-AC50-F53EACA66E99}.Release|x64.Build.0 = Release|Any CPU
		{681DB2CE-E3EB-4110-AC50-F53EACA66E99}.Release|x86.ActiveCfg = Release|Any CPU
		{681DB2CE-E3EB-4110-AC50-F53EACA66E99}.Release|x86.Build.0 = Release|Any CPU
		{0E7413FF-EB9E-4714-ACF2-BE3A6A7B2FFD}.Debug|Any CPU.ActiveCfg = Debug|Any CPU
		{0E7413FF-EB9E-4714-ACF2-BE3A6A7B2FFD}.Debug|Any CPU.Build.0 = Debug|Any CPU
		{0E7413FF-EB9E-4714-ACF2-BE3A6A7B2FFD}.Debug|x64.ActiveCfg = Debug|Any CPU
		{0E7413FF-EB9E-4714-ACF2-BE3A6A7B2FFD}.Debug|x64.Build.0 = Debug|Any CPU
		{0E7413FF-EB9E-4714-ACF2-BE3A6A7B2FFD}.Debug|x86.ActiveCfg = Debug|Any CPU
		{0E7413FF-EB9E-4714-ACF2-BE3A6A7B2FFD}.Debug|x86.Build.0 = Debug|Any CPU
		{0E7413FF-EB9E-4714-ACF2-BE3A6A7B2FFD}.Release|Any CPU.ActiveCfg = Release|Any CPU
		{0E7413FF-EB9E-4714-ACF2-BE3A6A7B2FFD}.Release|Any CPU.Build.0 = Release|Any CPU
		{0E7413FF-EB9E-4714-ACF2-BE3A6A7B2FFD}.Release|x64.ActiveCfg = Release|Any CPU
		{0E7413FF-EB9E-4714-ACF2-BE3A6A7B2FFD}.Release|x64.Build.0 = Release|Any CPU
		{0E7413FF-EB9E-4714-ACF2-BE3A6A7B2FFD}.Release|x86.ActiveCfg = Release|Any CPU
		{0E7413FF-EB9E-4714-ACF2-BE3A6A7B2FFD}.Release|x86.Build.0 = Release|Any CPU
		{0F31110E-BA66-49E9-ACAD-CF010C5E1F01}.Debug|Any CPU.ActiveCfg = Debug|Any CPU
		{0F31110E-BA66-49E9-ACAD-CF010C5E1F01}.Debug|Any CPU.Build.0 = Debug|Any CPU
		{0F31110E-BA66-49E9-ACAD-CF010C5E1F01}.Debug|x64.ActiveCfg = Debug|Any CPU
		{0F31110E-BA66-49E9-ACAD-CF010C5E1F01}.Debug|x64.Build.0 = Debug|Any CPU
		{0F31110E-BA66-49E9-ACAD-CF010C5E1F01}.Debug|x86.ActiveCfg = Debug|Any CPU
		{0F31110E-BA66-49E9-ACAD-CF010C5E1F01}.Debug|x86.Build.0 = Debug|Any CPU
		{0F31110E-BA66-49E9-ACAD-CF010C5E1F01}.Release|Any CPU.ActiveCfg = Release|Any CPU
		{0F31110E-BA66-49E9-ACAD-CF010C5E1F01}.Release|Any CPU.Build.0 = Release|Any CPU
		{0F31110E-BA66-49E9-ACAD-CF010C5E1F01}.Release|x64.ActiveCfg = Release|Any CPU
		{0F31110E-BA66-49E9-ACAD-CF010C5E1F01}.Release|x64.Build.0 = Release|Any CPU
		{0F31110E-BA66-49E9-ACAD-CF010C5E1F01}.Release|x86.ActiveCfg = Release|Any CPU
		{0F31110E-BA66-49E9-ACAD-CF010C5E1F01}.Release|x86.Build.0 = Release|Any CPU
	EndGlobalSection
	GlobalSection(SolutionProperties) = preSolution
		HideSolutionNode = FALSE
	EndGlobalSection
	GlobalSection(NestedProjects) = preSolution
		{5971DB72-28E2-4BFF-9C8E-A1FDCD005264} = {4BD45D60-CEBC-4B74-A7BE-FFED780A152B}
	EndGlobalSection
EndGlobal
