
Microsoft Visual Studio Solution File, Format Version 12.00
# Visual Studio 15
VisualStudioVersion = 15.0.27130.2036
MinimumVisualStudioVersion = 10.0.40219.1
Project("{FAE04EC0-301F-11D3-BF4B-00C04F79EFBC}") = "SFARTools-Extract", "SFARTools\SFARTools-Extract.csproj", "{42BEC400-6832-437C-9239-7BF78CCEFADD}"
EndProject
Project("{FAE04EC0-301F-11D3-BF4B-00C04F79EFBC}") = "SharedTools", "SharedTools\SharedTools.csproj", "{19674E94-AEF7-4E8F-8E48-EDE1A7A35BA0}"
EndProject
Project("{FAE04EC0-301F-11D3-BF4B-00C04F79EFBC}") = "FullAutoTOC", "FullAutoTOC\FullAutoTOC.csproj", "{B5B712F6-93C6-4A62-8C42-C8F6A5DCC082}"
EndProject
Project("{2150E333-8FDC-42A3-9474-1A3956D46DE8}") = "Solution Items", "Solution Items", "{4BD45D60-CEBC-4B74-A7BE-FFED780A152B}"
	ProjectSection(SolutionItems) = preProject
		SharedAssemblyInfo.cs = SharedAssemblyInfo.cs
	EndProjectSection
EndProject
Project("{FAE04EC0-301F-11D3-BF4B-00C04F79EFBC}") = "SFARTools-Inject", "SFARTools-Inject\SFARTools-Inject.csproj", "{C8F5E4CF-EA60-4982-B428-B3D8F8A12AA7}"
EndProject
Project("{FAE04EC0-301F-11D3-BF4B-00C04F79EFBC}") = "Gibbed.IO", "Gibbed.IO\Gibbed.IO.csproj", "{047857BA-DAA3-4CA7-AFB8-A1B082B28C6A}"
EndProject
Project("{FAE04EC0-301F-11D3-BF4B-00C04F79EFBC}") = "AmaroK86Lib", "AmaroK86\AmaroK86Lib.csproj", "{9010228E-4393-47E2-9DEE-FB5090A1D1AB}"
EndProject
Project("{FAE04EC0-301F-11D3-BF4B-00C04F79EFBC}") = "Gibbed.MassEffect3.FileFormats", "Gibbed.MassEffect3.FileFormats\Gibbed.MassEffect3.FileFormats.csproj", "{681DB2CE-E3EB-4110-AC50-F53EACA66E99}"
EndProject
Project("{FAE04EC0-301F-11D3-BF4B-00C04F79EFBC}") = "ICSharpCode.SharpZLib", "SharpDevelop\ICSharpCode.SharpZLib.csproj", "{0E7413FF-EB9E-4714-ACF2-BE3A6A7B2FFD}"
EndProject
Project("{FAE04EC0-301F-11D3-BF4B-00C04F79EFBC}") = "PCCDecompress", "PCCDecompress\PCCDecompress.csproj", "{0F31110E-BA66-49E9-ACAD-CF010C5E1F01}"
EndProject
Project("{2150E333-8FDC-42A3-9474-1A3956D46DE8}") = "Output", "Output", "{5971DB72-28E2-4BFF-9C8E-A1FDCD005264}"
	ProjectSection(SolutionItems) = preProject
		..\..\..\..\Michael\Downloads\elevate.exe = ..\..\..\..\Michael\Downloads\elevate.exe
	EndProjectSection
EndProject
Project("{FAE04EC0-301F-11D3-BF4B-00C04F79EFBC}") = "Transplanter-CLI", "Transplanter-CLI\Transplanter-CLI.csproj", "{7CEC0153-3108-4C39-8B53-4B376C28F61C}"
EndProject
Global
	GlobalSection(Performance) = preSolution
		HasPerformanceSessions = true
	EndGlobalSection
	GlobalSection(SolutionConfigurationPlatforms) = preSolution
		Debug|x64 = Debug|x64
		Release|x64 = Release|x64
	EndGlobalSection
	GlobalSection(ProjectConfigurationPlatforms) = postSolution
		{42BEC400-6832-437C-9239-7BF78CCEFADD}.Debug|x64.ActiveCfg = Debug|x64
		{42BEC400-6832-437C-9239-7BF78CCEFADD}.Debug|x64.Build.0 = Debug|x64
		{42BEC400-6832-437C-9239-7BF78CCEFADD}.Release|x64.ActiveCfg = Release|x64
		{42BEC400-6832-437C-9239-7BF78CCEFADD}.Release|x64.Build.0 = Release|x64
		{19674E94-AEF7-4E8F-8E48-EDE1A7A35BA0}.Debug|x64.ActiveCfg = Debug|x64
		{19674E94-AEF7-4E8F-8E48-EDE1A7A35BA0}.Debug|x64.Build.0 = Debug|x64
		{19674E94-AEF7-4E8F-8E48-EDE1A7A35BA0}.Release|x64.ActiveCfg = Release|x64
		{19674E94-AEF7-4E8F-8E48-EDE1A7A35BA0}.Release|x64.Build.0 = Release|x64
		{B5B712F6-93C6-4A62-8C42-C8F6A5DCC082}.Debug|x64.ActiveCfg = Debug|x64
		{B5B712F6-93C6-4A62-8C42-C8F6A5DCC082}.Debug|x64.Build.0 = Debug|x64
		{B5B712F6-93C6-4A62-8C42-C8F6A5DCC082}.Release|x64.ActiveCfg = Release|x64
		{B5B712F6-93C6-4A62-8C42-C8F6A5DCC082}.Release|x64.Build.0 = Release|x64
		{C8F5E4CF-EA60-4982-B428-B3D8F8A12AA7}.Debug|x64.ActiveCfg = Debug|x64
		{C8F5E4CF-EA60-4982-B428-B3D8F8A12AA7}.Debug|x64.Build.0 = Debug|x64
		{C8F5E4CF-EA60-4982-B428-B3D8F8A12AA7}.Release|x64.ActiveCfg = Release|x64
		{C8F5E4CF-EA60-4982-B428-B3D8F8A12AA7}.Release|x64.Build.0 = Release|x64
		{047857BA-DAA3-4CA7-AFB8-A1B082B28C6A}.Debug|x64.ActiveCfg = Debug|x64
		{047857BA-DAA3-4CA7-AFB8-A1B082B28C6A}.Debug|x64.Build.0 = Debug|x64
		{047857BA-DAA3-4CA7-AFB8-A1B082B28C6A}.Release|x64.ActiveCfg = Release|x64
		{047857BA-DAA3-4CA7-AFB8-A1B082B28C6A}.Release|x64.Build.0 = Release|x64
		{9010228E-4393-47E2-9DEE-FB5090A1D1AB}.Debug|x64.ActiveCfg = Debug|x64
		{9010228E-4393-47E2-9DEE-FB5090A1D1AB}.Debug|x64.Build.0 = Debug|x64
		{9010228E-4393-47E2-9DEE-FB5090A1D1AB}.Release|x64.ActiveCfg = Release|x64
		{9010228E-4393-47E2-9DEE-FB5090A1D1AB}.Release|x64.Build.0 = Release|x64
		{681DB2CE-E3EB-4110-AC50-F53EACA66E99}.Debug|x64.ActiveCfg = Debug|x64
		{681DB2CE-E3EB-4110-AC50-F53EACA66E99}.Debug|x64.Build.0 = Debug|x64
		{681DB2CE-E3EB-4110-AC50-F53EACA66E99}.Release|x64.ActiveCfg = Release|x64
		{681DB2CE-E3EB-4110-AC50-F53EACA66E99}.Release|x64.Build.0 = Release|x64
		{0E7413FF-EB9E-4714-ACF2-BE3A6A7B2FFD}.Debug|x64.ActiveCfg = Debug|x64
		{0E7413FF-EB9E-4714-ACF2-BE3A6A7B2FFD}.Debug|x64.Build.0 = Debug|x64
		{0E7413FF-EB9E-4714-ACF2-BE3A6A7B2FFD}.Release|x64.ActiveCfg = Release|x64
		{0E7413FF-EB9E-4714-ACF2-BE3A6A7B2FFD}.Release|x64.Build.0 = Release|x64
		{0F31110E-BA66-49E9-ACAD-CF010C5E1F01}.Debug|x64.ActiveCfg = Debug|x64
		{0F31110E-BA66-49E9-ACAD-CF010C5E1F01}.Debug|x64.Build.0 = Debug|x64
		{0F31110E-BA66-49E9-ACAD-CF010C5E1F01}.Release|x64.ActiveCfg = Release|x64
		{0F31110E-BA66-49E9-ACAD-CF010C5E1F01}.Release|x64.Build.0 = Release|x64
		{7CEC0153-3108-4C39-8B53-4B376C28F61C}.Debug|x64.ActiveCfg = Debug|x64
		{7CEC0153-3108-4C39-8B53-4B376C28F61C}.Debug|x64.Build.0 = Debug|x64
		{7CEC0153-3108-4C39-8B53-4B376C28F61C}.Release|x64.ActiveCfg = Release|x64
		{7CEC0153-3108-4C39-8B53-4B376C28F61C}.Release|x64.Build.0 = Release|x64
	EndGlobalSection
	GlobalSection(SolutionProperties) = preSolution
		HideSolutionNode = FALSE
	EndGlobalSection
	GlobalSection(NestedProjects) = preSolution
		{5971DB72-28E2-4BFF-9C8E-A1FDCD005264} = {4BD45D60-CEBC-4B74-A7BE-FFED780A152B}
	EndGlobalSection
	GlobalSection(ExtensibilityGlobals) = postSolution
		SolutionGuid = {886B39DE-D9D3-4276-8406-F05373208118}
	EndGlobalSection
	GlobalSection(Performance) = preSolution
		HasPerformanceSessions = true
	EndGlobalSection
	GlobalSection(Performance) = preSolution
		HasPerformanceSessions = true
	EndGlobalSection
	GlobalSection(Performance) = preSolution
		HasPerformanceSessions = true
	EndGlobalSection
	GlobalSection(Performance) = preSolution
		HasPerformanceSessions = true
	EndGlobalSection
EndGlobal
